
Microsoft Visual Studio Solution File, Format Version 12.00
# Visual Studio 15
VisualStudioVersion = 15.0.28307.421
MinimumVisualStudioVersion = 10.0.40219.1
Project("{FAE04EC0-301F-11D3-BF4B-00C04F79EFBC}") = "ASCII", "ASCII\ASCII.csproj", "{75A45289-F91B-41EE-BEBA-805CB3110E2A}"
EndProject
Global
	GlobalSection(SolutionConfigurationPlatforms) = preSolution
		Debug|Any CPU = Debug|Any CPU
		Release|Any CPU = Release|Any CPU
	EndGlobalSection
	GlobalSection(ProjectConfigurationPlatforms) = postSolution
		{75A45289-F91B-41EE-BEBA-805CB3110E2A}.Debug|Any CPU.ActiveCfg = Debug|Any CPU
		{75A45289-F91B-41EE-BEBA-805CB3110E2A}.Debug|Any CPU.Build.0 = Debug|Any CPU
		{75A45289-F91B-41EE-BEBA-805CB3110E2A}.Release|Any CPU.ActiveCfg = Release|Any CPU
		{75A45289-F91B-41EE-BEBA-805CB3110E2A}.Release|Any CPU.Build.0 = Release|Any CPU
	EndGlobalSection
	GlobalSection(SolutionProperties) = preSolution
		HideSolutionNode = FALSE
	EndGlobalSection
	GlobalSection(ExtensibilityGlobals) = postSolution
		SolutionGuid = {7F6C833B-9DB9-4439-A0AF-B596F7D5182E}
	EndGlobalSection
EndGlobal
